
Microsoft Visual Studio Solution File, Format Version 12.00
# Visual Studio Version 17
VisualStudioVersion = 17.11.35327.3
MinimumVisualStudioVersion = 10.0.40219.1
Project("{FAE04EC0-301F-11D3-BF4B-00C04F79EFBC}") = "Pokemon", "Pokemon.csproj", "{EBBA6260-8D33-4FCC-A1F5-FAC99FAE2351}"
EndProject
Global
	GlobalSection(SolutionConfigurationPlatforms) = preSolution
		Debug|Any CPU = Debug|Any CPU
		Release|Any CPU = Release|Any CPU
	EndGlobalSection
	GlobalSection(ProjectConfigurationPlatforms) = postSolution
		{EBBA6260-8D33-4FCC-A1F5-FAC99FAE2351}.Debug|Any CPU.ActiveCfg = Debug|Any CPU
		{EBBA6260-8D33-4FCC-A1F5-FAC99FAE2351}.Debug|Any CPU.Build.0 = Debug|Any CPU
		{EBBA6260-8D33-4FCC-A1F5-FAC99FAE2351}.Release|Any CPU.ActiveCfg = Release|Any CPU
		{EBBA6260-8D33-4FCC-A1F5-FAC99FAE2351}.Release|Any CPU.Build.0 = Release|Any CPU
	EndGlobalSection
	GlobalSection(SolutionProperties) = preSolution
		HideSolutionNode = FALSE
	EndGlobalSection
	GlobalSection(ExtensibilityGlobals) = postSolution
		SolutionGuid = {AA9EF1B7-14FD-4A1B-AFE8-2CD287664065}
	EndGlobalSection
EndGlobal
